<?xml version="1.0" encoding="utf-8"?>
<Project ToolsVersion="4.0" xmlns="http://schemas.microsoft.com/developer/msbuild/2003">
  <ItemGroup>
    <Filter Include="Source Files">
      <UniqueIdentifier>{4FC737F1-C7A5-4376-A066-2A32D752A2FF}</UniqueIdentifier>
      <Extensions>cpp;c;cc;cxx;c++;cppm;ixx;def;odl;idl;hpj;bat;asm;asmx</Extensions>
    </Filter>
    <Filter Include="Header Files">
      <UniqueIdentifier>{93995380-89BD-4b04-88EB-625FBE52EBFB}</UniqueIdentifier>
      <Extensions>h;hh;hpp;hxx;h++;hm;inl;inc;ipp;xsd</Extensions>
    </Filter>
    <Filter Include="Resource Files">
      <UniqueIdentifier>{67DA6AB6-F800-4c08-8B7A-83BB121AAD01}</UniqueIdentifier>
      <Extensions>rc;ico;cur;bmp;dlg;rc2;rct;bin;rgs;gif;jpg;jpeg;jpe;resx;tiff;tif;png;wav;mfcribbon-ms</Extensions>
    </Filter>
  </ItemGroup>
  <ItemGroup>
    <ClCompile Include="source.c">
      <Filter>Source Files</Filter>
    </ClCompile>
    <ClCompile Include="vec2.c">
      <Filter>Source Files</Filter>
    </ClCompile>
    <ClCompile Include="tmath.c">
      <Filter>Source Files</Filter>
    </ClCompile>
    <ClCompile Include="chunk.c">
      <Filter>Source Files</Filter>
    </ClCompile>
    <ClCompile Include="draw.c">
      <Filter>Source Files</Filter>
    </ClCompile>
    <ClCompile Include="vec3.c">
      <Filter>Source Files</Filter>
    </ClCompile>
    <ClCompile Include="opengl.c">
      <Filter>Source Files</Filter>
    </ClCompile>
    <ClCompile Include="ray.c">
      <Filter>Source Files</Filter>
    </ClCompile>
    <ClCompile Include="lighting.c">
      <Filter>Source Files</Filter>
    </ClCompile>
    <ClCompile Include="entity_light.c">
      <Filter>Source Files</Filter>
    </ClCompile>
    <ClCompile Include="player.c">
      <Filter>Source Files</Filter>
    </ClCompile>
    <ClCompile Include="entity_item.c">
      <Filter>Source Files</Filter>
    </ClCompile>
    <ClCompile Include="entity_dark.c">
      <Filter>Source Files</Filter>
    </ClCompile>
    <ClCompile Include="entity_togui.c">
      <Filter>Source Files</Filter>
    </ClCompile>
    <ClCompile Include="inventory.c">
      <Filter>Source Files</Filter>
    </ClCompile>
    <ClCompile Include="gui.c">
      <Filter>Source Files</Filter>
    </ClCompile>
    <ClCompile Include="construction.c">
      <Filter>Source Files</Filter>
    </ClCompile>
    <ClCompile Include="entity_block.c">
      <Filter>Source Files</Filter>
    </ClCompile>
  </ItemGroup>
  <ItemGroup>
    <None Include="shader\map.frag">
      <Filter>Resource Files</Filter>
    </None>
    <None Include="shader\sprite.frag">
      <Filter>Resource Files</Filter>
    </None>
    <None Include="shader\vertex.vert">
      <Filter>Resource Files</Filter>
    </None>
    <None Include="shader\enemy.frag">
      <Filter>Resource Files</Filter>
    </None>
    <None Include="shader\color.frag">
      <Filter>Resource Files</Filter>
    </None>
    <None Include="shader\font.frag">
      <Filter>Resource Files</Filter>
    </None>
    <None Include="shader\particle.frag">
      <Filter>Resource Files</Filter>
    </None>
  </ItemGroup>
  <ItemGroup>
    <ClInclude Include="vec2.h">
      <Filter>Header Files</Filter>
    </ClInclude>
    <ClInclude Include="source.h">
      <Filter>Header Files</Filter>
    </ClInclude>
    <ClInclude Include="small_types.h">
      <Filter>Header Files</Filter>
    </ClInclude>
    <ClInclude Include="chunk.h">
      <Filter>Header Files</Filter>
    </ClInclude>
    <ClInclude Include="ivec2.h">
      <Filter>Header Files</Filter>
    </ClInclude>
    <ClInclude Include="tmath.h">
      <Filter>Header Files</Filter>
    </ClInclude>
    <ClInclude Include="draw.h">
      <Filter>Header Files</Filter>
    </ClInclude>
    <ClInclude Include="vec3.h">
      <Filter>Header Files</Filter>
    </ClInclude>
    <ClInclude Include="opengl.h">
      <Filter>Header Files</Filter>
    </ClInclude>
    <ClInclude Include="ray.h">
      <Filter>Header Files</Filter>
    </ClInclude>
    <ClInclude Include="lighting.h">
      <Filter>Header Files</Filter>
    </ClInclude>
    <ClInclude Include="entity_light.h">
      <Filter>Header Files</Filter>
    </ClInclude>
    <ClInclude Include="player.h">
      <Filter>Header Files</Filter>
    </ClInclude>
    <ClInclude Include="entity_item.h">
      <Filter>Header Files</Filter>
    </ClInclude>
    <ClInclude Include="entity_dark.h">
      <Filter>Header Files</Filter>
    </ClInclude>
    <ClInclude Include="entity_togui.h">
      <Filter>Header Files</Filter>
    </ClInclude>
    <ClInclude Include="inventory.h">
      <Filter>Header Files</Filter>
    </ClInclude>
    <ClInclude Include="gui.h">
      <Filter>Header Files</Filter>
    </ClInclude>
    <ClInclude Include="construction.h">
      <Filter>Header Files</Filter>
    </ClInclude>
    <ClInclude Include="entity_block.h">
      <Filter>Header Files</Filter>
    </ClInclude>
  </ItemGroup>
</Project>